
Microsoft Visual Studio Solution File, Format Version 12.00
# Visual Studio Version 16
VisualStudioVersion = 16.0.30225.117
MinimumVisualStudioVersion = 10.0.40219.1
Project("{2150E333-8FDC-42A3-9474-1A3956D46DE8}") = "Clients", "Clients", "{936BA9D7-D868-4E06-89A0-1A26967742CB}"
EndProject
Project("{2150E333-8FDC-42A3-9474-1A3956D46DE8}") = "Domain", "Domain", "{30E1DA4B-A3B9-4455-9C85-EA45B3DCDABD}"
EndProject
Project("{2150E333-8FDC-42A3-9474-1A3956D46DE8}") = "Modules", "Modules", "{B65D9FFB-9818-4D35-8E8D-33C4D5220FE9}"
EndProject
Project("{9A19103F-16F7-4668-BE54-9A1E7A4F7556}") = "Listify.Identity", "Clients\Listify.Identity\Listify.Identity.csproj", "{E9758C84-65E6-4FEE-87F2-D1FE18300087}"
EndProject
Project("{9A19103F-16F7-4668-BE54-9A1E7A4F7556}") = "Listify.WebAPI", "Clients\Listify.WebAPI\Listify.WebAPI.csproj", "{952B7051-FE7C-4E95-BF49-67300F525609}"
EndProject
Project("{9A19103F-16F7-4668-BE54-9A1E7A4F7556}") = "Listify.Domain.Lib", "Domain\Listify.Domain.Lib\Listify.Domain.Lib.csproj", "{05B4355D-6D78-4276-9061-5F8533953A5E}"
EndProject
Project("{9A19103F-16F7-4668-BE54-9A1E7A4F7556}") = "Listify.Domain.CodeFirst", "Domain\Listify.Domain.CodeFirst\Listify.Domain.CodeFirst.csproj", "{5054E8C5-1FB1-46D7-8897-D7465BA3B61F}"
EndProject
Project("{FAE04EC0-301F-11D3-BF4B-00C04F79EFBC}") = "Listify.Paths", "Domain\Listify.Paths\Listify.Paths.csproj", "{8AE34B28-2AA1-4445-980B-901D34519934}"
EndProject
Project("{FAE04EC0-301F-11D3-BF4B-00C04F79EFBC}") = "Listify.Domain.BLL", "Domain\Listify.Domain.BLL\Listify.Domain.BLL.csproj", "{B4583353-6CB6-49B7-BF6B-E38F714E35CF}"
EndProject
Project("{FAE04EC0-301F-11D3-BF4B-00C04F79EFBC}") = "Listify.BLL", "Modules\Listify.BLL\Listify.BLL.csproj", "{84F985D8-0F80-42AC-A94B-872C11152499}"
EndProject
Project("{FAE04EC0-301F-11D3-BF4B-00C04F79EFBC}") = "Listify.DAL", "Modules\Listify.DAL\Listify.DAL.csproj", "{81D06716-E475-47F8-8706-F9AADA3BD10B}"
EndProject
Project("{FAE04EC0-301F-11D3-BF4B-00C04F79EFBC}") = "Listify.Lib", "Modules\Listify.Lib\Listify.Lib.csproj", "{F2880B1E-343A-408C-A191-0D3672A3D02D}"
EndProject
Project("{FAE04EC0-301F-11D3-BF4B-00C04F79EFBC}") = "Listify.Services", "Modules\Listify.Services\Listify.Services.csproj", "{FC1D3B61-194B-48B9-B21E-C5CD9837CBBA}"
EndProject
Project("{FAE04EC0-301F-11D3-BF4B-00C04F79EFBC}") = "Listify.WebAPI.Client", "Modules\Listify.WebAPI.Client\Listify.WebAPI.Client.csproj", "{E3529AAF-9910-4E18-AA3E-D7C7A1FC3C6D}"
EndProject
Global
	GlobalSection(SolutionConfigurationPlatforms) = preSolution
		Debug|Any CPU = Debug|Any CPU
		Release|Any CPU = Release|Any CPU
	EndGlobalSection
	GlobalSection(ProjectConfigurationPlatforms) = postSolution
		{E9758C84-65E6-4FEE-87F2-D1FE18300087}.Debug|Any CPU.ActiveCfg = Debug|Any CPU
		{E9758C84-65E6-4FEE-87F2-D1FE18300087}.Debug|Any CPU.Build.0 = Debug|Any CPU
		{E9758C84-65E6-4FEE-87F2-D1FE18300087}.Release|Any CPU.ActiveCfg = Release|Any CPU
		{E9758C84-65E6-4FEE-87F2-D1FE18300087}.Release|Any CPU.Build.0 = Release|Any CPU
		{952B7051-FE7C-4E95-BF49-67300F525609}.Debug|Any CPU.ActiveCfg = Debug|Any CPU
		{952B7051-FE7C-4E95-BF49-67300F525609}.Debug|Any CPU.Build.0 = Debug|Any CPU
		{952B7051-FE7C-4E95-BF49-67300F525609}.Release|Any CPU.ActiveCfg = Release|Any CPU
		{952B7051-FE7C-4E95-BF49-67300F525609}.Release|Any CPU.Build.0 = Release|Any CPU
		{05B4355D-6D78-4276-9061-5F8533953A5E}.Debug|Any CPU.ActiveCfg = Debug|Any CPU
		{05B4355D-6D78-4276-9061-5F8533953A5E}.Debug|Any CPU.Build.0 = Debug|Any CPU
		{05B4355D-6D78-4276-9061-5F8533953A5E}.Release|Any CPU.ActiveCfg = Release|Any CPU
		{05B4355D-6D78-4276-9061-5F8533953A5E}.Release|Any CPU.Build.0 = Release|Any CPU
		{5054E8C5-1FB1-46D7-8897-D7465BA3B61F}.Debug|Any CPU.ActiveCfg = Debug|Any CPU
		{5054E8C5-1FB1-46D7-8897-D7465BA3B61F}.Debug|Any CPU.Build.0 = Debug|Any CPU
		{5054E8C5-1FB1-46D7-8897-D7465BA3B61F}.Release|Any CPU.ActiveCfg = Release|Any CPU
		{5054E8C5-1FB1-46D7-8897-D7465BA3B61F}.Release|Any CPU.Build.0 = Release|Any CPU
		{8AE34B28-2AA1-4445-980B-901D34519934}.Debug|Any CPU.ActiveCfg = Debug|Any CPU
		{8AE34B28-2AA1-4445-980B-901D34519934}.Debug|Any CPU.Build.0 = Debug|Any CPU
		{8AE34B28-2AA1-4445-980B-901D34519934}.Release|Any CPU.ActiveCfg = Release|Any CPU
		{8AE34B28-2AA1-4445-980B-901D34519934}.Release|Any CPU.Build.0 = Release|Any CPU
		{B4583353-6CB6-49B7-BF6B-E38F714E35CF}.Debug|Any CPU.ActiveCfg = Debug|Any CPU
		{B4583353-6CB6-49B7-BF6B-E38F714E35CF}.Debug|Any CPU.Build.0 = Debug|Any CPU
		{B4583353-6CB6-49B7-BF6B-E38F714E35CF}.Release|Any CPU.ActiveCfg = Release|Any CPU
		{B4583353-6CB6-49B7-BF6B-E38F714E35CF}.Release|Any CPU.Build.0 = Release|Any CPU
		{84F985D8-0F80-42AC-A94B-872C11152499}.Debug|Any CPU.ActiveCfg = Debug|Any CPU
		{84F985D8-0F80-42AC-A94B-872C11152499}.Debug|Any CPU.Build.0 = Debug|Any CPU
		{84F985D8-0F80-42AC-A94B-872C11152499}.Release|Any CPU.ActiveCfg = Release|Any CPU
		{84F985D8-0F80-42AC-A94B-872C11152499}.Release|Any CPU.Build.0 = Release|Any CPU
		{81D06716-E475-47F8-8706-F9AADA3BD10B}.Debug|Any CPU.ActiveCfg = Debug|Any CPU
		{81D06716-E475-47F8-8706-F9AADA3BD10B}.Debug|Any CPU.Build.0 = Debug|Any CPU
		{81D06716-E475-47F8-8706-F9AADA3BD10B}.Release|Any CPU.ActiveCfg = Release|Any CPU
		{81D06716-E475-47F8-8706-F9AADA3BD10B}.Release|Any CPU.Build.0 = Release|Any CPU
		{F2880B1E-343A-408C-A191-0D3672A3D02D}.Debug|Any CPU.ActiveCfg = Debug|Any CPU
		{F2880B1E-343A-408C-A191-0D3672A3D02D}.Debug|Any CPU.Build.0 = Debug|Any CPU
		{F2880B1E-343A-408C-A191-0D3672A3D02D}.Release|Any CPU.ActiveCfg = Release|Any CPU
		{F2880B1E-343A-408C-A191-0D3672A3D02D}.Release|Any CPU.Build.0 = Release|Any CPU
		{FC1D3B61-194B-48B9-B21E-C5CD9837CBBA}.Debug|Any CPU.ActiveCfg = Debug|Any CPU
		{FC1D3B61-194B-48B9-B21E-C5CD9837CBBA}.Debug|Any CPU.Build.0 = Debug|Any CPU
		{FC1D3B61-194B-48B9-B21E-C5CD9837CBBA}.Release|Any CPU.ActiveCfg = Release|Any CPU
		{FC1D3B61-194B-48B9-B21E-C5CD9837CBBA}.Release|Any CPU.Build.0 = Release|Any CPU
		{E3529AAF-9910-4E18-AA3E-D7C7A1FC3C6D}.Debug|Any CPU.ActiveCfg = Debug|Any CPU
		{E3529AAF-9910-4E18-AA3E-D7C7A1FC3C6D}.Debug|Any CPU.Build.0 = Debug|Any CPU
		{E3529AAF-9910-4E18-AA3E-D7C7A1FC3C6D}.Release|Any CPU.ActiveCfg = Release|Any CPU
		{E3529AAF-9910-4E18-AA3E-D7C7A1FC3C6D}.Release|Any CPU.Build.0 = Release|Any CPU
	EndGlobalSection
	GlobalSection(SolutionProperties) = preSolution
		HideSolutionNode = FALSE
	EndGlobalSection
	GlobalSection(NestedProjects) = preSolution
		{E9758C84-65E6-4FEE-87F2-D1FE18300087} = {936BA9D7-D868-4E06-89A0-1A26967742CB}
		{952B7051-FE7C-4E95-BF49-67300F525609} = {936BA9D7-D868-4E06-89A0-1A26967742CB}
		{05B4355D-6D78-4276-9061-5F8533953A5E} = {30E1DA4B-A3B9-4455-9C85-EA45B3DCDABD}
		{5054E8C5-1FB1-46D7-8897-D7465BA3B61F} = {30E1DA4B-A3B9-4455-9C85-EA45B3DCDABD}
		{8AE34B28-2AA1-4445-980B-901D34519934} = {30E1DA4B-A3B9-4455-9C85-EA45B3DCDABD}
		{B4583353-6CB6-49B7-BF6B-E38F714E35CF} = {30E1DA4B-A3B9-4455-9C85-EA45B3DCDABD}
		{84F985D8-0F80-42AC-A94B-872C11152499} = {B65D9FFB-9818-4D35-8E8D-33C4D5220FE9}
		{81D06716-E475-47F8-8706-F9AADA3BD10B} = {B65D9FFB-9818-4D35-8E8D-33C4D5220FE9}
		{F2880B1E-343A-408C-A191-0D3672A3D02D} = {B65D9FFB-9818-4D35-8E8D-33C4D5220FE9}
		{FC1D3B61-194B-48B9-B21E-C5CD9837CBBA} = {B65D9FFB-9818-4D35-8E8D-33C4D5220FE9}
		{E3529AAF-9910-4E18-AA3E-D7C7A1FC3C6D} = {B65D9FFB-9818-4D35-8E8D-33C4D5220FE9}
	EndGlobalSection
	GlobalSection(ExtensibilityGlobals) = postSolution
		SolutionGuid = {877D12E3-062F-43D3-B007-63AC2CF6792E}
	EndGlobalSection
EndGlobal
